# This file is automatically @generated by Poetry 1.7.1 and should not be changed by hand.

[[package]]
name = "configmate"
version = "0.1.3"
description = "A universal configuration parser for Python."
optional = false
python-versions = ">=3.8,<4.0"
files = [
    {file = "configmate-0.1.3-py3-none-any.whl", hash = "sha256:dcfebf6136a9018cdf67496f9d7b0ecad8448a31e9718e86e465df49fcbc8dda"},
    {file = "configmate-0.1.3.tar.gz", hash = "sha256:59f7424546e4ba2569f89caf6a5bf9dd2faa782c2cf2911666a040652dc8d683"},
]

[package.extras]
toml = ["configmate-tomlparser"]
yaml = ["configmate-yamlparser"]

[[package]]
name = "toml"
version = "0.10.2"
description = "Python Library for Tom's Obvious, Minimal Language"
optional = false
python-versions = ">=2.6, !=3.0.*, !=3.1.*, !=3.2.*"
files = [
    {file = "toml-0.10.2-py2.py3-none-any.whl", hash = "sha256:806143ae5bfb6a3c6e736a764057db0e6a0e05e338b5630894a5f779cabb4f9b"},
    {file = "toml-0.10.2.tar.gz", hash = "sha256:b3bda1d108d5dd99f4a20d24d9c348e91c4db7ab1b749200bded2f839ccbe68f"},
]

[metadata]
lock-version = "2.0"
python-versions = "^3.8"
content-hash = "7be1bb647638a9c105b11b15add39e934948a41883bedc73f3e05c5d170eaa5b"
