# This file is automatically @generated by Poetry 1.7.1 and should not be changed by hand.

[[package]]
name = "configmate"
version = "0.1.1"
description = "A universal configuration parser for Python."
optional = false
python-versions = ">=3.8,<4.0"
files = [
    {file = "configmate-0.1.1-py3-none-any.whl", hash = "sha256:8ff2a85737715f682c7bd9bdd37d8211cb66d36e6a087d4a0394be30838cc7f5"},
    {file = "configmate-0.1.1.tar.gz", hash = "sha256:dc9cef8089a95221f708a5f16bc25f2e28a6aa8ab4bda7085abaf8df03716c11"},
]

[package.extras]
pydantic = ["pydantic (>=2.3.0,<3.0.0)"]
toml = ["toml (>=0.10.2,<0.11.0)"]
yaml = ["pyyaml (>=6.0.1,<7.0.0)"]

[[package]]
name = "toml"
version = "0.10.2"
description = "Python Library for Tom's Obvious, Minimal Language"
optional = false
python-versions = ">=2.6, !=3.0.*, !=3.1.*, !=3.2.*"
files = [
    {file = "toml-0.10.2-py2.py3-none-any.whl", hash = "sha256:806143ae5bfb6a3c6e736a764057db0e6a0e05e338b5630894a5f779cabb4f9b"},
    {file = "toml-0.10.2.tar.gz", hash = "sha256:b3bda1d108d5dd99f4a20d24d9c348e91c4db7ab1b749200bded2f839ccbe68f"},
]

[metadata]
lock-version = "2.0"
python-versions = "^3.8"
content-hash = "e97e6a8b90c61f4351fd1a8af0122967a875189b7094d5e357b4ff25ace49c75"
